Microsoft Visual Studio Solution File, Format Version 12.00
# Visual Studio Version 17
VisualStudioVersion = 17.5.2.0
MinimumVisualStudioVersion = 10.0.40219.1
Project("{FAE04EC0-301F-11D3-BF4B-00C04F79EFBC}") = "MyAuthApi", "MyAuthApi.csproj", "{B819C660-F144-82CD-57FE-52FDD8A0EBC2}"
EndProject
Global
	GlobalSection(SolutionConfigurationPlatforms) = preSolution
		Debug|Any CPU = Debug|Any CPU
		Release|Any CPU = Release|Any CPU
	EndGlobalSection
	GlobalSection(ProjectConfigurationPlatforms) = postSolution
		{B819C660-F144-82CD-57FE-52FDD8A0EBC2}.Debug|Any CPU.ActiveCfg = Debug|Any CPU
		{B819C660-F144-82CD-57FE-52FDD8A0EBC2}.Debug|Any CPU.Build.0 = Debug|Any CPU
		{B819C660-F144-82CD-57FE-52FDD8A0EBC2}.Release|Any CPU.ActiveCfg = Release|Any CPU
		{B819C660-F144-82CD-57FE-52FDD8A0EBC2}.Release|Any CPU.Build.0 = Release|Any CPU
	EndGlobalSection
	GlobalSection(SolutionProperties) = preSolution
		HideSolutionNode = FALSE
	EndGlobalSection
	GlobalSection(ExtensibilityGlobals) = postSolution
		SolutionGuid = {7BDD883B-045F-4B4A-A264-10F162280AC6}
	EndGlobalSection
EndGlobal
